- table_name: de_prd.gold.wkdy_fact_time_block
  name: reported_date_is_not_null
  criticality: error
  run_config_name: default
  check:
    function: sql_expression
    arguments:
      expression: reported_date is not null
      name: reported_date_is_not_null
- table_name: de_prd.gold.wkdy_fact_time_block
  name: reported_date_min_max
  criticality: error
  run_config_name: default
  check:
    function: sql_expression
    arguments:
      expression: reported_date >= '2015-01-18' and reported_date <= '2025-02-04'
      name: reported_date_min_max
- table_name: de_prd.gold.wkdy_fact_time_block
  name: time_entry_or_time_off_is_not_null
  criticality: error
  run_config_name: default
  check:
    function: sql_expression
    arguments:
      expression: time_entry_or_time_off is not null
      name: time_entry_or_time_off_is_not_null
- table_name: de_prd.gold.wkdy_fact_time_block
  name: time_entry_or_time_off_is_in
  criticality: error
  run_config_name: default
  check:
    function: sql_expression
    arguments:
      expression: time_entry_or_time_off in ('Time Entry')
      name: time_entry_or_time_off_is_in
- table_name: de_prd.gold.wkdy_fact_time_block
  name: time_entry_code_is_not_null
  criticality: error
  run_config_name: default
  check:
    function: sql_expression
    arguments:
      expression: time_entry_code is not null
      name: time_entry_code_is_not_null
- table_name: de_prd.gold.wkdy_fact_time_block
  name: time_entry_code_is_in
  criticality: error
  run_config_name: default
  check:
    function: sql_expression
    arguments:
      expression: time_entry_code in ('Project Time', 'Project Time (In/Out)')
      name: time_entry_code_is_in
- table_name: de_prd.gold.wkdy_fact_time_block
  name: time_block_is_not_null
  criticality: error
  run_config_name: default
  check:
    function: sql_expression
    arguments:
      expression: time_block is not null
      name: time_block_is_not_null
- table_name: de_prd.gold.wkdy_fact_time_block
  name: source_is_not_null
  criticality: error
  run_config_name: default
  check:
    function: sql_expression
    arguments:
      expression: source is not null
      name: source_is_not_null
- table_name: de_prd.gold.wkdy_fact_time_block
  name: source_is_in
  criticality: error
  run_config_name: default
  check:
    function: sql_expression
    arguments:
      expression: source in ('User Entered')
      name: source_is_in
- table_name: de_prd.gold.wkdy_fact_time_block
  name: time_block_status_is_not_null
  criticality: error
  run_config_name: default
  check:
    function: sql_expression
    arguments:
      expression: time_block_status is not null
      name: time_block_status_is_not_null
- table_name: de_prd.gold.wkdy_fact_time_block
  name: time_block_status_is_in
  criticality: error
  run_config_name: default
  check:
    function: sql_expression
    arguments:
      expression: time_block_status in ('Approved')
      name: time_block_status_is_in
- table_name: de_prd.gold.wkdy_fact_time_block
  name: billed_location_is_not_null_or_empty
  criticality: error
  run_config_name: default
  check:
    function: sql_expression
    arguments:
      expression: billed_location is not null and trim(billed_location) <> ''
      name: billed_location_is_not_null_or_empty
- table_name: de_prd.gold.wkdy_fact_time_block
  name: time_block_comment_is_not_null_or_empty
  criticality: error
  run_config_name: default
  check:
    function: sql_expression
    arguments:
      expression: time_block_comment is not null and trim(time_block_comment) <> ''
      name: time_block_comment_is_not_null_or_empty
- table_name: de_prd.gold.wkdy_fact_time_block
  name: reported_quantity_is_not_null
  criticality: error
  run_config_name: default
  check:
    function: sql_expression
    arguments:
      expression: reported_quantity is not null
      name: reported_quantity_is_not_null
- table_name: de_prd.gold.wkdy_fact_time_block
  name: reported_quantity_min_max
  criticality: error
  run_config_name: default
  check:
    function: sql_expression
    arguments:
      expression: reported_quantity >= -3.191679475346539718927374452 and reported_quantity
        <= 5.030579475346539718927374452
      name: reported_quantity_min_max
- table_name: de_prd.gold.wkdy_fact_time_block
  name: is_billable_is_not_null
  criticality: error
  run_config_name: default
  check:
    function: sql_expression
    arguments:
      expression: is_billable is not null
      name: is_billable_is_not_null
- table_name: de_prd.gold.wkdy_fact_time_block
  name: hours_to_bill_is_not_null
  criticality: error
  run_config_name: default
  check:
    function: sql_expression
    arguments:
      expression: hours_to_bill is not null
      name: hours_to_bill_is_not_null
- table_name: de_prd.gold.wkdy_fact_time_block
  name: hours_to_bill_min_max
  criticality: error
  run_config_name: default
  check:
    function: sql_expression
    arguments:
      expression: hours_to_bill >= -3.191679475346539718927374452 and hours_to_bill
        <= 5.030579475346539718927374452
      name: hours_to_bill_min_max
- table_name: de_prd.gold.wkdy_fact_time_block
  name: rate_to_bill_is_not_null
  criticality: error
  run_config_name: default
  check:
    function: sql_expression
    arguments:
      expression: rate_to_bill is not null
      name: rate_to_bill_is_not_null
- table_name: de_prd.gold.wkdy_fact_time_block
  name: rate_to_bill_currency_code_is_not_null
  criticality: error
  run_config_name: default
  check:
    function: sql_expression
    arguments:
      expression: rate_to_bill_currency_code is not null
      name: rate_to_bill_currency_code_is_not_null
- table_name: de_prd.gold.wkdy_fact_time_block
  name: rate_to_bill_currency_code_is_in
  criticality: error
  run_config_name: default
  check:
    function: sql_expression
    arguments:
      expression: rate_to_bill_currency_code in ('USD')
      name: rate_to_bill_currency_code_is_in
- table_name: de_prd.gold.wkdy_fact_time_block
  name: amount_to_bill_is_not_null
  criticality: error
  run_config_name: default
  check:
    function: sql_expression
    arguments:
      expression: amount_to_bill is not null
      name: amount_to_bill_is_not_null
- table_name: de_prd.gold.wkdy_fact_time_block
  name: amount_to_bill_min_max
  criticality: error
  run_config_name: default
  check:
    function: sql_expression
    arguments:
      expression: amount_to_bill >= -718.4277352625803972296125721 and amount_to_bill
        <= 1066.430055262580397229612572
      name: amount_to_bill_min_max
- table_name: de_prd.gold.wkdy_fact_time_block
  name: amount_to_bill_currency_code_is_in
  criticality: error
  run_config_name: default
  check:
    function: sql_expression
    arguments:
      expression: amount_to_bill_currency_code in ('USD')
      name: amount_to_bill_currency_code_is_in
- table_name: de_prd.gold.wkdy_fact_time_block
  name: amount_to_bill_currency_code_is_not_null_or_empty
  criticality: error
  run_config_name: default
  check:
    function: sql_expression
    arguments:
      expression: amount_to_bill_currency_code is not null and trim(amount_to_bill_currency_code)
        <> ''
      name: amount_to_bill_currency_code_is_not_null_or_empty
- table_name: de_prd.gold.wkdy_fact_time_block
  name: org_rate_to_bill_customer_min_max
  criticality: error
  run_config_name: default
  check:
    function: sql_expression
    arguments:
      expression: org_rate_to_bill_customer >= 70.00 and org_rate_to_bill_customer
        <= 428.5835977728499615095643094
      name: org_rate_to_bill_customer_min_max
- table_name: de_prd.gold.wkdy_fact_time_block
  name: org_rate_to_bill_customer_currency_code_is_in
  criticality: error
  run_config_name: default
  check:
    function: sql_expression
    arguments:
      expression: org_rate_to_bill_customer_currency_code in ('USD')
      name: org_rate_to_bill_customer_currency_code_is_in
- table_name: de_prd.gold.wkdy_fact_time_block
  name: org_rate_to_bill_customer_currency_code_is_not_null_or_empty
  criticality: error
  run_config_name: default
  check:
    function: sql_expression
    arguments:
      expression: org_rate_to_bill_customer_currency_code is not null and trim(org_rate_to_bill_customer_currency_code)
        <> ''
      name: org_rate_to_bill_customer_currency_code_is_not_null_or_empty
- table_name: de_prd.gold.wkdy_fact_time_block
  name: org_billable_amount_min_max
  criticality: error
  run_config_name: default
  check:
    function: sql_expression
    arguments:
      expression: org_billable_amount >= -307.50 and org_billable_amount <= 1332.055167142699280819215346
      name: org_billable_amount_min_max
- table_name: de_prd.gold.wkdy_fact_time_block
  name: org_billable_amount_currency_code_is_in
  criticality: error
  run_config_name: default
  check:
    function: sql_expression
    arguments:
      expression: org_billable_amount_currency_code in ('USD')
      name: org_billable_amount_currency_code_is_in
- table_name: de_prd.gold.wkdy_fact_time_block
  name: org_billable_amount_currency_code_is_not_null_or_empty
  criticality: error
  run_config_name: default
  check:
    function: sql_expression
    arguments:
      expression: org_billable_amount_currency_code is not null and trim(org_billable_amount_currency_code)
        <> ''
      name: org_billable_amount_currency_code_is_not_null_or_empty
- table_name: de_prd.gold.wkdy_fact_time_block
  name: reported_std_cost_amount_currency_code_is_in
  criticality: error
  run_config_name: default
  check:
    function: sql_expression
    arguments:
      expression: reported_std_cost_amount_currency_code in ('USD')
      name: reported_std_cost_amount_currency_code_is_in
- table_name: de_prd.gold.wkdy_fact_time_block
  name: reported_std_cost_amount_currency_code_is_not_null_or_empty
  criticality: error
  run_config_name: default
  check:
    function: sql_expression
    arguments:
      expression: reported_std_cost_amount_currency_code is not null and trim(reported_std_cost_amount_currency_code)
        <> ''
      name: reported_std_cost_amount_currency_code_is_not_null_or_empty
- table_name: de_prd.gold.wkdy_fact_time_block
  name: reported_projected_role_for_worker_time_block_is_in
  criticality: error
  run_config_name: default
  check:
    function: sql_expression
    arguments:
      expression: reported_projected_role_for_worker_time_block in ('Do Not Delete
        - Dynamic Resource Pool Role')
      name: reported_projected_role_for_worker_time_block_is_in
- table_name: de_prd.gold.wkdy_fact_time_block
  name: reported_projected_role_for_worker_time_block_is_not_null_or_empty
  criticality: error
  run_config_name: default
  check:
    function: sql_expression
    arguments:
      expression: reported_projected_role_for_worker_time_block is not null and trim(reported_projected_role_for_worker_time_block)
        <> ''
      name: reported_projected_role_for_worker_time_block_is_not_null_or_empty
- table_name: de_prd.gold.wkdy_fact_time_block
  name: reported_projected_role_cost_amount_currency_code_is_in
  criticality: error
  run_config_name: default
  check:
    function: sql_expression
    arguments:
      expression: reported_projected_role_cost_amount_currency_code in ('USD')
      name: reported_projected_role_cost_amount_currency_code_is_in
- table_name: de_prd.gold.wkdy_fact_time_block
  name: reported_projected_role_cost_amount_currency_code_is_not_null_or_empty
  criticality: error
  run_config_name: default
  check:
    function: sql_expression
    arguments:
      expression: reported_projected_role_cost_amount_currency_code is not null and
        trim(reported_projected_role_cost_amount_currency_code) <> ''
      name: reported_projected_role_cost_amount_currency_code_is_not_null_or_empty
- table_name: de_prd.gold.wkdy_fact_time_block
  name: time_block_wid_is_not_null
  criticality: error
  run_config_name: default
  check:
    function: sql_expression
    arguments:
      expression: time_block_wid is not null
      name: time_block_wid_is_not_null
- table_name: de_prd.gold.wkdy_fact_time_block
  name: worker_wid_is_not_null
  criticality: error
  run_config_name: default
  check:
    function: sql_expression
    arguments:
      expression: worker_wid is not null
      name: worker_wid_is_not_null
- table_name: de_prd.gold.wkdy_fact_time_block
  name: project_customer_wid_is_not_null
  criticality: error
  run_config_name: default
  check:
    function: sql_expression
    arguments:
      expression: project_customer_wid is not null
      name: project_customer_wid_is_not_null
- table_name: de_prd.gold.wkdy_fact_time_block
  name: project_wid_is_not_null
  criticality: error
  run_config_name: default
  check:
    function: sql_expression
    arguments:
      expression: project_wid is not null
      name: project_wid_is_not_null
- table_name: de_prd.gold.wkdy_fact_time_block
  name: project_plan_phase_wid_is_not_null
  criticality: error
  run_config_name: default
  check:
    function: sql_expression
    arguments:
      expression: project_plan_phase_wid is not null
      name: project_plan_phase_wid_is_not_null
- table_name: de_prd.gold.wkdy_fact_time_block
  name: project_plan_task_wid_is_not_null
  criticality: error
  run_config_name: default
  check:
    function: sql_expression
    arguments:
      expression: project_plan_task_wid is not null
      name: project_plan_task_wid_is_not_null
- table_name: de_prd.gold.wkdy_fact_time_block
  name: _created_date_is_not_null
  criticality: error
  run_config_name: default
  check:
    function: sql_expression
    arguments:
      expression: _created_date is not null
      name: _created_date_is_not_null
- table_name: de_prd.gold.wkdy_fact_time_block
  name: _created_date_min_max
  criticality: error
  run_config_name: default
  check:
    function: sql_expression
    arguments:
      expression: _created_date >= '2024-04-30T00:00:00.000000+0000' and _created_date
        <= '2024-07-16T00:00:00.000000+0000'
      name: _created_date_min_max
- table_name: de_prd.gold.wkdy_fact_time_block
  name: _last_updated_date_is_not_null
  criticality: error
  run_config_name: default
  check:
    function: sql_expression
    arguments:
      expression: _last_updated_date is not null
      name: _last_updated_date_is_not_null
- table_name: de_prd.gold.wkdy_fact_time_block
  name: _hash_value_is_not_null
  criticality: error
  run_config_name: default
  check:
    function: sql_expression
    arguments:
      expression: _hash_value is not null
      name: _hash_value_is_not_null
- table_name: de_prd.gold.wkdy_fact_time_block
  name: is_star_historical_is_not_null
  criticality: error
  run_config_name: default
  check:
    function: sql_expression
    arguments:
      expression: is_star_historical is not null
      name: is_star_historical_is_not_null
- table_name: de_prd.gold.wkdy_fact_time_block
  name: customer_key_is_not_null
  criticality: error
  run_config_name: default
  check:
    function: sql_expression
    arguments:
      expression: customer_key is not null
      name: customer_key_is_not_null
- table_name: de_prd.gold.wkdy_fact_time_block
  name: customer_key_min_max
  criticality: error
  run_config_name: default
  check:
    function: sql_expression
    arguments:
      expression: customer_key >= 6171 and customer_key <= 130079059
      name: customer_key_min_max
- table_name: de_prd.gold.wkdy_fact_time_block
  name: project_key_is_not_null
  criticality: error
  run_config_name: default
  check:
    function: sql_expression
    arguments:
      expression: project_key is not null
      name: project_key_is_not_null
- table_name: de_prd.gold.wkdy_fact_time_block
  name: project_key_min_max
  criticality: error
  run_config_name: default
  check:
    function: sql_expression
    arguments:
      expression: project_key >= 60022 and project_key <= 779603621
      name: project_key_min_max
- table_name: de_prd.gold.wkdy_fact_time_block
  name: project_phase_key_is_not_null
  criticality: error
  run_config_name: default
  check:
    function: sql_expression
    arguments:
      expression: project_phase_key is not null
      name: project_phase_key_is_not_null
- table_name: de_prd.gold.wkdy_fact_time_block
  name: project_phase_key_min_max
  criticality: error
  run_config_name: default
  check:
    function: sql_expression
    arguments:
      expression: project_phase_key >= 18378 and project_phase_key <= 4990683
      name: project_phase_key_min_max
- table_name: de_prd.gold.wkdy_fact_time_block
  name: project_task_key_is_not_null
  criticality: error
  run_config_name: default
  check:
    function: sql_expression
    arguments:
      expression: project_task_key is not null
      name: project_task_key_is_not_null
- table_name: de_prd.gold.wkdy_fact_time_block
  name: project_task_key_min_max
  criticality: error
  run_config_name: default
  check:
    function: sql_expression
    arguments:
      expression: project_task_key >= 137265 and project_task_key <= 48875592
      name: project_task_key_min_max
- table_name: de_prd.gold.wkdy_fact_time_block
  name: worker_key_is_not_null
  criticality: error
  run_config_name: default
  check:
    function: sql_expression
    arguments:
      expression: worker_key is not null
      name: worker_key_is_not_null
- table_name: de_prd.gold.wkdy_fact_time_block
  name: worker_key_min_max
  criticality: error
  run_config_name: default
  check:
    function: sql_expression
    arguments:
      expression: worker_key >= 575842 and worker_key <= 10864651
      name: worker_key_min_max
- table_name: de_prd.gold.wkdy_fact_time_block
  name: reported_date_key_is_not_null
  criticality: error
  run_config_name: default
  check:
    function: sql_expression
    arguments:
      expression: reported_date_key is not null
      name: reported_date_key_is_not_null
- table_name: de_prd.gold.wkdy_fact_time_block
  name: reported_date_key_min_max
  criticality: error
  run_config_name: default
  check:
    function: sql_expression
    arguments:
      expression: reported_date_key >= 20146780 and reported_date_key <= 20250204
      name: reported_date_key_min_max
- table_name: de_prd.gold.wkdy_fact_time_block
  name: project_plan_phase_name_is_not_null_or_empty
  criticality: error
  run_config_name: default
  check:
    function: sql_expression
    arguments:
      expression: project_plan_phase_name is not null and trim(project_plan_phase_name)
        <> ''
      name: project_plan_phase_name_is_not_null_or_empty
- table_name: de_prd.gold.wkdy_fact_time_block
  name: project_plan_task_name_is_not_null_or_empty
  criticality: error
  run_config_name: default
  check:
    function: sql_expression
    arguments:
      expression: project_plan_task_name is not null and trim(project_plan_task_name)
        <> ''
      name: project_plan_task_name_is_not_null_or_empty
- table_name: de_prd.gold.wkdy_fact_time_block
  name: project_plan_phase_key_is_not_null_or_empty
  criticality: error
  run_config_name: default
  check:
    function: sql_expression
    arguments:
      expression: project_plan_phase_key is not null and trim(project_plan_phase_key)
        <> ''
      name: project_plan_phase_key_is_not_null_or_empty
- table_name: de_prd.gold.wkdy_fact_time_block
  name: project_plan_task_key_is_not_null_or_empty
  criticality: error
  run_config_name: default
  check:
    function: sql_expression
    arguments:
      expression: project_plan_task_key is not null and trim(project_plan_task_key)
        <> ''
      name: project_plan_task_key_is_not_null_or_empty
- table_name: de_prd.gold.wkdy_fact_time_block
  name: project_task_wid_is_not_null_or_empty
  criticality: error
  run_config_name: default
  check:
    function: sql_expression
    arguments:
      expression: project_task_wid is not null and trim(project_task_wid) <> ''
      name: project_task_wid_is_not_null_or_empty
- table_name: de_prd.gold.wkdy_fact_time_block
  name: project_phase_wid_is_not_null_or_empty
  criticality: error
  run_config_name: default
  check:
    function: sql_expression
    arguments:
      expression: project_phase_wid is not null and trim(project_phase_wid) <> ''
      name: project_phase_wid_is_not_null_or_empty
